{
  "sha256": "cb81cf51c40478ad5a1f72dc4289cda3f92d4a4d8b28d4954ea699b98e5881be",
  "version": "1.1",
  "adr": "docs/adr/0003-chuong-VI-quan-he-owner-ai.md",
  "effective": "khi PR Chương VI được merge vào main (ngày của commit merge)",
  "revision": "r7 (thêm Chương VI — Điều 15, 16, 17, ADR 0003)"
}
