{
  "sha256": "0212d5dced50963fd01ca9da9570b068bda296bf2210bc55962da56282fb4f42",
  "version": "1.0",
  "adr": "docs/adr/0002-sua-chuong-V5-ai-bam-merge.md",
  "effective": "khi PR #3 được merge vào main (ngày của commit merge)",
  "revision": "r6 (PR #3, trước khi có hiệu lực — sửa Chương V.5, ADR 0002)"
}
