{
  "sha256": "4c58397e894d6aea53e1ee19e9178eebf8d7b310ce6d65cc3f82a43991b0a7a8",
  "version": "1.1",
  "adr": "docs/adr/0003-chuong-VI-quan-he-owner-ai.md",
  "effective": "khi PR Chương VI được merge vào main (ngày của commit merge)",
  "revision": "r8 (Chương VI, viết lại Điều 16 theo Lệnh 9 — phạm vi sản xuất, ADR 0003)"
}
